
Microsoft Visual Studio Solution File, Format Version 12.00
# Visual Studio Version 16
VisualStudioVersion = 16.0.30225.117
MinimumVisualStudioVersion = 10.0.40219.1
Project("{FAE04EC0-301F-11D3-BF4B-00C04F79EFBC}") = "SlowStar", "SlowStar\SlowStar.csproj", "{AAA87DB3-5573-4F75-B6D2-C5FC6E88B3A1}"
EndProject
Project("{FAE04EC0-301F-11D3-BF4B-00C04F79EFBC}") = "Repository", "Repository\Repository.csproj", "{0B28D8EF-B661-4711-A154-3F6CFA2D5E48}"
EndProject
Global
	GlobalSection(SolutionConfigurationPlatforms) = preSolution
		Debug|Any CPU = Debug|Any CPU
		Release|Any CPU = Release|Any CPU
	EndGlobalSection
	GlobalSection(ProjectConfigurationPlatforms) = postSolution
		{AAA87DB3-5573-4F75-B6D2-C5FC6E88B3A1}.Debug|Any CPU.ActiveCfg = Debug|Any CPU
		{AAA87DB3-5573-4F75-B6D2-C5FC6E88B3A1}.Debug|Any CPU.Build.0 = Debug|Any CPU
		{AAA87DB3-5573-4F75-B6D2-C5FC6E88B3A1}.Release|Any CPU.ActiveCfg = Release|Any CPU
		{AAA87DB3-5573-4F75-B6D2-C5FC6E88B3A1}.Release|Any CPU.Build.0 = Release|Any CPU
		{0B28D8EF-B661-4711-A154-3F6CFA2D5E48}.Debug|Any CPU.ActiveCfg = Debug|Any CPU
		{0B28D8EF-B661-4711-A154-3F6CFA2D5E48}.Debug|Any CPU.Build.0 = Debug|Any CPU
		{0B28D8EF-B661-4711-A154-3F6CFA2D5E48}.Release|Any CPU.ActiveCfg = Release|Any CPU
		{0B28D8EF-B661-4711-A154-3F6CFA2D5E48}.Release|Any CPU.Build.0 = Release|Any CPU
	EndGlobalSection
	GlobalSection(SolutionProperties) = preSolution
		HideSolutionNode = FALSE
	EndGlobalSection
	GlobalSection(ExtensibilityGlobals) = postSolution
		SolutionGuid = {E173246A-4F98-4648-A133-B357EBA06C69}
	EndGlobalSection
EndGlobal
